
Microsoft Visual Studio Solution File, Format Version 12.00
# Visual Studio 14
VisualStudioVersion = 14.0.24720.0
MinimumVisualStudioVersion = 10.0.40219.1
Project("{FAE04EC0-301F-11D3-BF4B-00C04F79EFBC}") = "Day1", "Day1\Day1.csproj", "{4A8AA57C-CF09-494F-B24A-0C9C46BBD127}"
EndProject
Project("{FAE04EC0-301F-11D3-BF4B-00C04F79EFBC}") = "Day2", "Day2\Day2.csproj", "{1E1FB73F-1005-4645-BC31-5AC992B6A7D0}"
EndProject
Project("{FAE04EC0-301F-11D3-BF4B-00C04F79EFBC}") = "Day3", "Day3\Day3.csproj", "{2943A15E-65E5-4370-AA8E-1D0B5B5891CD}"
EndProject
Project("{FAE04EC0-301F-11D3-BF4B-00C04F79EFBC}") = "Day4", "Day4\Day4.csproj", "{A5DDB7F1-A163-4B73-BE1A-B2926F7904F0}"
EndProject
Project("{FAE04EC0-301F-11D3-BF4B-00C04F79EFBC}") = "Day5", "Day5\Day5.csproj", "{ADAE60F0-9B4D-4A51-8BFB-057D077DA3E0}"
EndProject
Global
	GlobalSection(SolutionConfigurationPlatforms) = preSolution
		Debug|Any CPU = Debug|Any CPU
		Release|Any CPU = Release|Any CPU
	EndGlobalSection
	GlobalSection(ProjectConfigurationPlatforms) = postSolution
		{4A8AA57C-CF09-494F-B24A-0C9C46BBD127}.Debug|Any CPU.ActiveCfg = Debug|Any CPU
		{4A8AA57C-CF09-494F-B24A-0C9C46BBD127}.Debug|Any CPU.Build.0 = Debug|Any CPU
		{4A8AA57C-CF09-494F-B24A-0C9C46BBD127}.Release|Any CPU.ActiveCfg = Release|Any CPU
		{4A8AA57C-CF09-494F-B24A-0C9C46BBD127}.Release|Any CPU.Build.0 = Release|Any CPU
		{1E1FB73F-1005-4645-BC31-5AC992B6A7D0}.Debug|Any CPU.ActiveCfg = Debug|Any CPU
		{1E1FB73F-1005-4645-BC31-5AC992B6A7D0}.Debug|Any CPU.Build.0 = Debug|Any CPU
		{1E1FB73F-1005-4645-BC31-5AC992B6A7D0}.Release|Any CPU.ActiveCfg = Release|Any CPU
		{1E1FB73F-1005-4645-BC31-5AC992B6A7D0}.Release|Any CPU.Build.0 = Release|Any CPU
		{2943A15E-65E5-4370-AA8E-1D0B5B5891CD}.Debug|Any CPU.ActiveCfg = Debug|Any CPU
		{2943A15E-65E5-4370-AA8E-1D0B5B5891CD}.Debug|Any CPU.Build.0 = Debug|Any CPU
		{2943A15E-65E5-4370-AA8E-1D0B5B5891CD}.Release|Any CPU.ActiveCfg = Release|Any CPU
		{2943A15E-65E5-4370-AA8E-1D0B5B5891CD}.Release|Any CPU.Build.0 = Release|Any CPU
		{A5DDB7F1-A163-4B73-BE1A-B2926F7904F0}.Debug|Any CPU.ActiveCfg = Debug|Any CPU
		{A5DDB7F1-A163-4B73-BE1A-B2926F7904F0}.Debug|Any CPU.Build.0 = Debug|Any CPU
		{A5DDB7F1-A163-4B73-BE1A-B2926F7904F0}.Release|Any CPU.ActiveCfg = Release|Any CPU
		{A5DDB7F1-A163-4B73-BE1A-B2926F7904F0}.Release|Any CPU.Build.0 = Release|Any CPU
		{ADAE60F0-9B4D-4A51-8BFB-057D077DA3E0}.Debug|Any CPU.ActiveCfg = Debug|Any CPU
		{ADAE60F0-9B4D-4A51-8BFB-057D077DA3E0}.Debug|Any CPU.Build.0 = Debug|Any CPU
		{ADAE60F0-9B4D-4A51-8BFB-057D077DA3E0}.Release|Any CPU.ActiveCfg = Release|Any CPU
		{ADAE60F0-9B4D-4A51-8BFB-057D077DA3E0}.Release|Any CPU.Build.0 = Release|Any CPU
	EndGlobalSection
	GlobalSection(SolutionProperties) = preSolution
		HideSolutionNode = FALSE
	EndGlobalSection
EndGlobal
